// !$*UTF8*$!
{
	archiveVersion = 1;
	classes = {
	};
	objectVersion = 46;
	objects = {

/* Begin PBXBuildFile section */
		172489161F2E4991005CB849 /* AppDelegate.swift in Sources */ = {isa = PBXBuildFile; fileRef = 172489151F2E4991005CB849 /* AppDelegate.swift */; };
		172489181F2E4991005CB849 /* ViewController.swift in Sources */ = {isa = PBXBuildFile; fileRef = 172489171F2E4991005CB849 /* ViewController.swift */; };
		1724891B1F2E4991005CB849 /* Main.storyboard in Resources */ = {isa = PBXBuildFile; fileRef = 172489191F2E4991005CB849 /* Main.storyboard */; };
		1724891D1F2E4991005CB849 /* Assets.xcassets in Resources */ = {isa = PBXBuildFile; fileRef = 1724891C1F2E4991005CB849 /* Assets.xcassets */; };
		172489201F2E4991005CB849 /* LaunchScreen.storyboard in Resources */ = {isa = PBXBuildFile; fileRef = 1724891E1F2E4991005CB849 /* LaunchScreen.storyboard */; };
/* End PBXBuildFile section */

/* Begin PBXFileReference section */
		172489121F2E4991005CB849 /* Youth-Development-Dialogue.app */ = {isa = PBXFileReference; explicitFileType = wrapper.application; includeInIndex = 0; path = "Youth-Development-Dialogue.app"; sourceTree = BUILT_PRODUCTS_DIR; };
		172489151F2E4991005CB849 /* AppDelegate.swift */ = {isa = PBXFileReference; lastKnownFileType = sourcecode.swift; path = AppDelegate.swift; sourceTree = "<group>"; };
		172489171F2E4991005CB849 /* ViewController.swift */ = {isa = PBXFileReference; lastKnownFileType = sourcecode.swift; path = ViewController.swift; sourceTree = "<group>"; };
		1724891A1F2E4991005CB849 /* Base */ = {isa = PBXFileReference; lastKnownFileType = file.storyboard; name = Base; path = Base.lproj/Main.storyboard; sourceTree = "<group>"; };
		1724891C1F2E4991005CB849 /* Assets.xcassets */ = {isa = PBXFileReference; lastKnownFileType = folder.assetcatalog; path = Assets.xcassets; sourceTree = "<group>"; };
		1724891F1F2E4991005CB849 /* Base */ = {isa = PBXFileReference; lastKnownFileType = file.storyboard; name = Base; path = Base.lproj/LaunchScreen.storyboard; sourceTree = "<group>"; };
		172489211F2E4991005CB849 /* Info.plist */ = {isa = PBXFileReference; lastKnownFileType = text.plist.xml; path = Info.plist; sourceTree = "<group>"; };
/* End PBXFileReference section */

/* Begin PBXFrameworksBuildPhase section */
		1724890F1F2E4991005CB849 /* Frameworks */ = {
			isa = PBXFrameworksBuildPhase;
			buildActionMask = 2147483647;
			files = (
			);
			runOnlyForDeploymentPostprocessing = 0;
		};
/* End PBXFrameworksBuildPhase section */

/* Begin PBXGroup section */
		172489091F2E4991005CB849 = {
			isa = PBXGroup;
			children = (
				172489141F2E4991005CB849 /* Youth-Development-Dialogue */,
				172489131F2E4991005CB849 /* Products */,
			);
			sourceTree = "<group>";
		};
		172489131F2E4991005CB849 /* Products */ = {
			isa = PBXGroup;
			children = (
				172489121F2E4991005CB849 /* Youth-Development-Dialogue.app */,
			);
			name = Products;
			sourceTree = "<group>";
		};
		172489141F2E4991005CB849 /* Youth-Development-Dialogue */ = {
			isa = PBXGroup;
			children = (
				172489151F2E4991005CB849 /* AppDelegate.swift */,
				172489171F2E4991005CB849 /* ViewController.swift */,
				172489191F2E4991005CB849 /* Main.storyboard */,
				1724891C1F2E4991005CB849 /* Assets.xcassets */,
				1724891E1F2E4991005CB849 /* LaunchScreen.storyboard */,
				172489211F2E4991005CB849 /* Info.plist */,
			);
			path = "Youth-Development-Dialogue";
			sourceTree = "<group>";
		};
/* End PBXGroup section */

/* Begin PBXNativeTarget section */
		172489111F2E4991005CB849 /* Youth-Development-Dialogue */ = {
			isa = PBXNativeTarget;
			buildConfigurationList = 172489241F2E4991005CB849 /* Build configuration list for PBXNativeTarget "Youth-Development-Dialogue" */;
			buildPhases = (
				1724890E1F2E4991005CB849 /* Sources */,
				1724890F1F2E4991005CB849 /* Frameworks */,
				172489101F2E4991005CB849 /* Resources */,
			);
			buildRules = (
			);
			dependencies = (
			);
			name = "Youth-Development-Dialogue";
			productName = "Youth-Development-Dialogue";
			productReference = 172489121F2E4991005CB849 /* Youth-Development-Dialogue.app */;
			productType = "com.apple.product-type.application";
		};
/* End PBXNativeTarget section */

/* Begin PBXProject section */
		1724890A1F2E4991005CB849 /* Project object */ = {
			isa = PBXProject;
			attributes = {
				LastSwiftUpdateCheck = 0830;
				LastUpgradeCheck = 0830;
				ORGANIZATIONNAME = "Lily Hoffman";
				TargetAttributes = {
					172489111F2E4991005CB849 = {
						CreatedOnToolsVersion = 8.3.3;
						DevelopmentTeam = HHS6XK7XH5;
						ProvisioningStyle = Automatic;
					};
				};
			};
			buildConfigurationList = 1724890D1F2E4991005CB849 /* Build configuration list for PBXProject "Youth-Development-Dialogue" */;
			compatibilityVersion = "Xcode 3.2";
			developmentRegion = English;
			hasScannedForEncodings = 0;
			knownRegions = (
				en,
				Base,
			);
			mainGroup = 172489091F2E4991005CB849;
			productRefGroup = 172489131F2E4991005CB849 /* Products */;
			projectDirPath = "";
			projectRoot = "";
			targets = (
				172489111F2E4991005CB849 /* Youth-Development-Dialogue */,
			);
		};
/* End PBXProject section */

/* Begin PBXResourcesBuildPhase section */
		172489101F2E4991005CB849 /* Resources */ = {
			isa = PBXResourcesBuildPhase;
			buildActionMask = 2147483647;
			files = (
				172489201F2E4991005CB849 /* LaunchScreen.storyboard in Resources */,
				1724891D1F2E4991005CB849 /* Assets.xcassets in Resources */,
				1724891B1F2E4991005CB849 /* Main.storyboard in Resources */,
			);
			runOnlyForDeploymentPostprocessing = 0;
		};
/* End PBXResourcesBuildPhase section */

/* Begin PBXSourcesBuildPhase section */
		1724890E1F2E4991005CB849 /* Sources */ = {
			isa = PBXSourcesBuildPhase;
			buildActionMask = 2147483647;
			files = (
				172489181F2E4991005CB849 /* ViewController.swift in Sources */,
				172489161F2E4991005CB849 /* AppDelegate.swift in Sources */,
			);
			runOnlyForDeploymentPostprocessing = 0;
		};
/* End PBXSourcesBuildPhase section */

/* Begin PBXVariantGroup section */
		172489191F2E4991005CB849 /* Main.storyboard */ = {
			isa = PBXVariantGroup;
			children = (
				1724891A1F2E4991005CB849 /* Base */,
			);
			name = Main.storyboard;
			sourceTree = "<group>";
		};
		1724891E1F2E4991005CB849 /* LaunchScreen.storyboard */ = {
			isa = PBXVariantGroup;
			children = (
				1724891F1F2E4991005CB849 /* Base */,
			);
			name = LaunchScreen.storyboard;
			sourceTree = "<group>";
		};
/* End PBXVariantGroup section */

/* Begin XCBuildConfiguration section */
		172489221F2E4991005CB849 /* Debug */ = {
			isa = XCBuildConfiguration;
			buildSettings = {
				ALWAYS_SEARCH_USER_PATHS = NO;
				CLANG_ANALYZER_NONNULL = YES;
				CLANG_ANALYZER_NUMBER_OBJECT_CONVERSION = YES_AGGRESSIVE;
				CLANG_CXX_LANGUAGE_STANDARD = "gnu++0x";
				CLANG_CXX_LIBRARY = "libc++";
				CLANG_ENABLE_MODULES = YES;
				CLANG_ENABLE_OBJC_ARC = YES;
				CLANG_WARN_BOOL_CONVERSION = YES;
				CLANG_WARN_CONSTANT_CONVERSION = YES;
				CLANG_WARN_DIRECT_OBJC_ISA_USAGE = YES_ERROR;
				CLANG_WARN_DOCUMENTATION_COMMENTS = YES;
				CLANG_WARN_EMPTY_BODY = YES;
				CLANG_WARN_ENUM_CONVERSION = YES;
				CLANG_WARN_INFINITE_RECURSION = YES;
				CLANG_WARN_INT_CONVERSION = YES;
				CLANG_WARN_OBJC_ROOT_CLASS = YES_ERROR;
				CLANG_WARN_SUSPICIOUS_MOVE = YES;
				CLANG_WARN_UNREACHABLE_CODE = YES;
				CLANG_WARN__DUPLICATE_METHOD_MATCH = YES;
				"CODE_SIGN_IDENTITY[sdk=iphoneos*]" = "iPhone Developer";
				COPY_PHASE_STRIP = NO;
				DEBUG_INFORMATION_FORMAT = dwarf;
				ENABLE_STRICT_OBJC_MSGSEND = YES;
				ENABLE_TESTABILITY = YES;
				GCC_C_LANGUAGE_STANDARD = gnu99;
				GCC_DYNAMIC_NO_PIC = NO;
				GCC_NO_COMMON_BLOCKS = YES;
				GCC_OPTIMIZATION_LEVEL = 0;
				GCC_PREPROCESSOR_DEFINITIONS = (
					"DEBUG=1",
					"$(inherited)",
				);
				GCC_WARN_64_TO_32_BIT_CONVERSION = YES;
				GCC_WARN_ABOUT_RETURN_TYPE = YES_ERROR;
				GCC_WARN_UNDECLARED_SELECTOR = YES;
				GCC_WARN_UNINITIALIZED_AUTOS = YES_AGGRESSIVE;
				GCC_WARN_UNUSED_FUNCTION = YES;
				GCC_WARN_UNUSED_VARIABLE = YES;
				IPHONEOS_DEPLOYMENT_TARGET = 10.3;
				MTL_ENABLE_DEBUG_INFO = YES;
				ONLY_ACTIVE_ARCH = YES;
				SDKROOT = iphoneos;
				SWIFT_ACTIVE_COMPILATION_CONDITIONS = DEBUG;
				SWIFT_OPTIMIZATION_LEVEL = "-Onone";
			};
			name = Debug;
		};
		172489231F2E4991005CB849 /* Release */ = {
			isa = XCBuildConfiguration;
			buildSettings = {
				ALWAYS_SEARCH_USER_PATHS = NO;
				CLANG_ANALYZER_NONNULL = YES;
				CLANG_ANALYZER_NUMBER_OBJECT_CONVERSION = YES_AGGRESSIVE;
				CLANG_CXX_LANGUAGE_STANDARD = "gnu++0x";
				CLANG_CXX_LIBRARY = "libc++";
				CLANG_ENABLE_MODULES = YES;
				CLANG_ENABLE_OBJC_ARC = YES;
				CLANG_WARN_BOOL_CONVERSION = YES;
				CLANG_WARN_CONSTANT_CONVERSION = YES;
				CLANG_WARN_DIRECT_OBJC_ISA_USAGE = YES_ERROR;
				CLANG_WARN_DOCUMENTATION_COMMENTS = YES;
				CLANG_WARN_EMPTY_BODY = YES;
				CLANG_WARN_ENUM_CONVERSION = YES;
				CLANG_WARN_INFINITE_RECURSION = YES;
				CLANG_WARN_INT_CONVERSION = YES;
				CLANG_WARN_OBJC_ROOT_CLASS = YES_ERROR;
				CLANG_WARN_SUSPICIOUS_MOVE = YES;
				CLANG_WARN_UNREACHABLE_CODE = YES;
				CLANG_WARN__DUPLICATE_METHOD_MATCH = YES;
				"CODE_SIGN_IDENTITY[sdk=iphoneos*]" = "iPhone Developer";
				COPY_PHASE_STRIP = NO;
				DEBUG_INFORMATION_FORMAT = "dwarf-with-dsym";
				ENABLE_NS_ASSERTIONS = NO;
				ENABLE_STRICT_OBJC_MSGSEND = YES;
				GCC_C_LANGUAGE_STANDARD = gnu99;
				GCC_NO_COMMON_BLOCKS = YES;
				GCC_WARN_64_TO_32_BIT_CONVERSION = YES;
				GCC_WARN_ABOUT_RETURN_TYPE = YES_ERROR;
				GCC_WARN_UNDECLARED_SELECTOR = YES;
				GCC_WARN_UNINITIALIZED_AUTOS = YES_AGGRESSIVE;
				GCC_WARN_UNUSED_FUNCTION = YES;
				GCC_WARN_UNUSED_VARIABLE = YES;
				IPHONEOS_DEPLOYMENT_TARGET = 10.3;
				MTL_ENABLE_DEBUG_INFO = NO;
				SDKROOT = iphoneos;
				SWIFT_OPTIMIZATION_LEVEL = "-Owholemodule";
				VALIDATE_PRODUCT = YES;
			};
			name = Release;
		};
		172489251F2E4991005CB849 /* Debug */ = {
			isa = XCBuildConfiguration;
			buildSettings = {
				ASSETCATALOG_COMPILER_APPICON_NAME = AppIcon;
				DEVELOPMENT_TEAM = HHS6XK7XH5;
				INFOPLIST_FILE = "Youth-Development-Dialogue/Info.plist";
				LD_RUNPATH_SEARCH_PATHS = "$(inherited) @executable_path/Frameworks";
				PRODUCT_BUNDLE_IDENTIFIER = "lilyhoffman.Youth-Development-Dialogue";
				PRODUCT_NAME = "$(TARGET_NAME)";
				SWIFT_VERSION = 3.0;
			};
			name = Debug;
		};
		172489261F2E4991005CB849 /* Release */ = {
			isa = XCBuildConfiguration;
			buildSettings = {
				ASSETCATALOG_COMPILER_APPICON_NAME = AppIcon;
				DEVELOPMENT_TEAM = HHS6XK7XH5;
				INFOPLIST_FILE = "Youth-Development-Dialogue/Info.plist";
				LD_RUNPATH_SEARCH_PATHS = "$(inherited) @executable_path/Frameworks";
				PRODUCT_BUNDLE_IDENTIFIER = "lilyhoffman.Youth-Development-Dialogue";
				PRODUCT_NAME = "$(TARGET_NAME)";
				SWIFT_VERSION = 3.0;
			};
			name = Release;
		};
/* End XCBuildConfiguration section */

/* Begin XCConfigurationList section */
		1724890D1F2E4991005CB849 /* Build configuration list for PBXProject "Youth-Development-Dialogue" */ = {
			isa = XCConfigurationList;
			buildConfigurations = (
				172489221F2E4991005CB849 /* Debug */,
				172489231F2E4991005CB849 /* Release */,
			);
			defaultConfigurationIsVisible = 0;
			defaultConfigurationName = Release;
		};
		172489241F2E4991005CB849 /* Build configuration list for PBXNativeTarget "Youth-Development-Dialogue" */ = {
			isa = XCConfigurationList;
			buildConfigurations = (
				172489251F2E4991005CB849 /* Debug */,
				172489261F2E4991005CB849 /* Release */,
			);
			defaultConfigurationIsVisible = 0;
		};
/* End XCConfigurationList section */
	};
	rootObject = 1724890A1F2E4991005CB849 /* Project object */;
}
